
Microsoft Visual Studio Solution File, Format Version 12.00
# Visual Studio Version 16
VisualStudioVersion = 16.0.30517.126
MinimumVisualStudioVersion = 10.0.40219.1
Project("{8BC9CEB8-8B4A-11D0-8D11-00A0C91BC942}") = "Project2", "Project2\Project2.vcxproj", "{9C84DBB9-8434-4428-B7F8-E44E04268AD2}"
EndProject
Project("{8BC9CEB8-8B4A-11D0-8D11-00A0C91BC942}") = "Project1", "Project1\Project1.vcxproj", "{D529AB90-B536-4151-AF7D-E45DC9F36A8F}"
EndProject
Project("{8BC9CEB8-8B4A-11D0-8D11-00A0C91BC942}") = "basmach", "basmach\basmach.vcxproj", "{5D5D5A00-3A16-4F56-8500-A6A75D949F1B}"
EndProject
Project("{8BC9CEB8-8B4A-11D0-8D11-00A0C91BC942}") = "recursia_tirgul", "recursia\recursia.vcxproj", "{1A047286-AE43-412F-91A9-05D32BD37AA3}"
EndProject
Project("{8BC9CEB8-8B4A-11D0-8D11-00A0C91BC942}") = "Static_arr_Stack", "stack_P\stack_P.vcxproj", "{BC1900E2-3C43-4758-84BF-0FF81AA508A5}"
EndProject
Project("{8BC9CEB8-8B4A-11D0-8D11-00A0C91BC942}") = "Dynamic_arr_Stack", "Dynamic_arr_Stack\Dynamic_arr_Stack.vcxproj", "{24D124EF-1B93-4D0D-8464-112065949B30}"
EndProject
Project("{8BC9CEB8-8B4A-11D0-8D11-00A0C91BC942}") = "Linked_list_Stack", "Linked_list_Stack\Linked_list_Stack.vcxproj", "{262C8C5C-79D4-4AC5-8E2D-D75B702181AE}"
EndProject
Global
	GlobalSection(SolutionConfigurationPlatforms) = preSolution
		Debug|x64 = Debug|x64
		Debug|x86 = Debug|x86
		Release|x64 = Release|x64
		Release|x86 = Release|x86
	EndGlobalSection
	GlobalSection(ProjectConfigurationPlatforms) = postSolution
		{9C84DBB9-8434-4428-B7F8-E44E04268AD2}.Debug|x64.ActiveCfg = Debug|x64
		{9C84DBB9-8434-4428-B7F8-E44E04268AD2}.Debug|x64.Build.0 = Debug|x64
		{9C84DBB9-8434-4428-B7F8-E44E04268AD2}.Debug|x86.ActiveCfg = Debug|Win32
		{9C84DBB9-8434-4428-B7F8-E44E04268AD2}.Debug|x86.Build.0 = Debug|Win32
		{9C84DBB9-8434-4428-B7F8-E44E04268AD2}.Release|x64.ActiveCfg = Release|x64
		{9C84DBB9-8434-4428-B7F8-E44E04268AD2}.Release|x64.Build.0 = Release|x64
		{9C84DBB9-8434-4428-B7F8-E44E04268AD2}.Release|x86.ActiveCfg = Release|Win32
		{9C84DBB9-8434-4428-B7F8-E44E04268AD2}.Release|x86.Build.0 = Release|Win32
		{D529AB90-B536-4151-AF7D-E45DC9F36A8F}.Debug|x64.ActiveCfg = Debug|x64
		{D529AB90-B536-4151-AF7D-E45DC9F36A8F}.Debug|x64.Build.0 = Debug|x64
		{D529AB90-B536-4151-AF7D-E45DC9F36A8F}.Debug|x86.ActiveCfg = Debug|Win32
		{D529AB90-B536-4151-AF7D-E45DC9F36A8F}.Debug|x86.Build.0 = Debug|Win32
		{D529AB90-B536-4151-AF7D-E45DC9F36A8F}.Release|x64.ActiveCfg = Release|x64
		{D529AB90-B536-4151-AF7D-E45DC9F36A8F}.Release|x64.Build.0 = Release|x64
		{D529AB90-B536-4151-AF7D-E45DC9F36A8F}.Release|x86.ActiveCfg = Release|Win32
		{D529AB90-B536-4151-AF7D-E45DC9F36A8F}.Release|x86.Build.0 = Release|Win32
		{5D5D5A00-3A16-4F56-8500-A6A75D949F1B}.Debug|x64.ActiveCfg = Debug|x64
		{5D5D5A00-3A16-4F56-8500-A6A75D949F1B}.Debug|x64.Build.0 = Debug|x64
		{5D5D5A00-3A16-4F56-8500-A6A75D949F1B}.Debug|x86.ActiveCfg = Debug|Win32
		{5D5D5A00-3A16-4F56-8500-A6A75D949F1B}.Debug|x86.Build.0 = Debug|Win32
		{5D5D5A00-3A16-4F56-8500-A6A75D949F1B}.Release|x64.ActiveCfg = Release|x64
		{5D5D5A00-3A16-4F56-8500-A6A75D949F1B}.Release|x64.Build.0 = Release|x64
		{5D5D5A00-3A16-4F56-8500-A6A75D949F1B}.Release|x86.ActiveCfg = Release|Win32
		{5D5D5A00-3A16-4F56-8500-A6A75D949F1B}.Release|x86.Build.0 = Release|Win32
		{1A047286-AE43-412F-91A9-05D32BD37AA3}.Debug|x64.ActiveCfg = Debug|x64
		{1A047286-AE43-412F-91A9-05D32BD37AA3}.Debug|x64.Build.0 = Debug|x64
		{1A047286-AE43-412F-91A9-05D32BD37AA3}.Debug|x86.ActiveCfg = Debug|Win32
		{1A047286-AE43-412F-91A9-05D32BD37AA3}.Debug|x86.Build.0 = Debug|Win32
		{1A047286-AE43-412F-91A9-05D32BD37AA3}.Release|x64.ActiveCfg = Release|x64
		{1A047286-AE43-412F-91A9-05D32BD37AA3}.Release|x64.Build.0 = Release|x64
		{1A047286-AE43-412F-91A9-05D32BD37AA3}.Release|x86.ActiveCfg = Release|Win32
		{1A047286-AE43-412F-91A9-05D32BD37AA3}.Release|x86.Build.0 = Release|Win32
		{BC1900E2-3C43-4758-84BF-0FF81AA508A5}.Debug|x64.ActiveCfg = Debug|x64
		{BC1900E2-3C43-4758-84BF-0FF81AA508A5}.Debug|x64.Build.0 = Debug|x64
		{BC1900E2-3C43-4758-84BF-0FF81AA508A5}.Debug|x86.ActiveCfg = Debug|Win32
		{BC1900E2-3C43-4758-84BF-0FF81AA508A5}.Debug|x86.Build.0 = Debug|Win32
		{BC1900E2-3C43-4758-84BF-0FF81AA508A5}.Release|x64.ActiveCfg = Release|x64
		{BC1900E2-3C43-4758-84BF-0FF81AA508A5}.Release|x64.Build.0 = Release|x64
		{BC1900E2-3C43-4758-84BF-0FF81AA508A5}.Release|x86.ActiveCfg = Release|Win32
		{BC1900E2-3C43-4758-84BF-0FF81AA508A5}.Release|x86.Build.0 = Release|Win32
		{24D124EF-1B93-4D0D-8464-112065949B30}.Debug|x64.ActiveCfg = Debug|x64
		{24D124EF-1B93-4D0D-8464-112065949B30}.Debug|x64.Build.0 = Debug|x64
		{24D124EF-1B93-4D0D-8464-112065949B30}.Debug|x86.ActiveCfg = Debug|Win32
		{24D124EF-1B93-4D0D-8464-112065949B30}.Debug|x86.Build.0 = Debug|Win32
		{24D124EF-1B93-4D0D-8464-112065949B30}.Release|x64.ActiveCfg = Release|x64
		{24D124EF-1B93-4D0D-8464-112065949B30}.Release|x64.Build.0 = Release|x64
		{24D124EF-1B93-4D0D-8464-112065949B30}.Release|x86.ActiveCfg = Release|Win32
		{24D124EF-1B93-4D0D-8464-112065949B30}.Release|x86.Build.0 = Release|Win32
		{262C8C5C-79D4-4AC5-8E2D-D75B702181AE}.Debug|x64.ActiveCfg = Debug|x64
		{262C8C5C-79D4-4AC5-8E2D-D75B702181AE}.Debug|x64.Build.0 = Debug|x64
		{262C8C5C-79D4-4AC5-8E2D-D75B702181AE}.Debug|x86.ActiveCfg = Debug|Win32
		{262C8C5C-79D4-4AC5-8E2D-D75B702181AE}.Debug|x86.Build.0 = Debug|Win32
		{262C8C5C-79D4-4AC5-8E2D-D75B702181AE}.Release|x64.ActiveCfg = Release|x64
		{262C8C5C-79D4-4AC5-8E2D-D75B702181AE}.Release|x64.Build.0 = Release|x64
		{262C8C5C-79D4-4AC5-8E2D-D75B702181AE}.Release|x86.ActiveCfg = Release|Win32
		{262C8C5C-79D4-4AC5-8E2D-D75B702181AE}.Release|x86.Build.0 = Release|Win32
	EndGlobalSection
	GlobalSection(SolutionProperties) = preSolution
		HideSolutionNode = FALSE
	EndGlobalSection
	GlobalSection(ExtensibilityGlobals) = postSolution
		SolutionGuid = {E8A1E04D-8B58-479D-AEFC-A31EEF048A6C}
	EndGlobalSection
EndGlobal
